// !$*UTF8*$!
{
	archiveVersion = 1;
	classes = {
	};
	objectVersion = 77;
	objects = {

/* Begin PBXBuildFile section */
		16CC1C6D7EEBF2EE5C3F95A1 /* TriNetMonitor.swift in Sources */ = {isa = PBXBuildFile; fileRef = 2A55AB3C5EF91C2E49F7A086 /* TriNetMonitor.swift */; };
		A4B51FD9AC3F6A939BFE6083 /* RTIHeatmap.swift in Sources */ = {isa = PBXBuildFile; fileRef = A55D68653305B39F6D4E6C1F /* RTIHeatmap.swift */; };
		E00EF2E2E4936A31DF3F1B15 /* VideoCallTab.swift in Sources */ = {isa = PBXBuildFile; fileRef = 432A15C47C534F56D40856CC /* VideoCallTab.swift */; };
/* End PBXBuildFile section */

/* Begin PBXFileReference section */
		2A55AB3C5EF91C2E49F7A086 /* TriNetMonitor.swift */ = {isa = PBXFileReference; lastKnownFileType = sourcecode.swift; path = TriNetMonitor.swift; sourceTree = "<group>"; };
		432A15C47C534F56D40856CC /* VideoCallTab.swift */ = {isa = PBXFileReference; lastKnownFileType = sourcecode.swift; path = VideoCallTab.swift; sourceTree = "<group>"; };
		8CD42991E4D14A95B2A03439 /* TriNetMonitor.app */ = {isa = PBXFileReference; explicitFileType = wrapper.application; includeInIndex = 0; path = TriNetMonitor.app; sourceTree = BUILT_PRODUCTS_DIR; };
		A55D68653305B39F6D4E6C1F /* RTIHeatmap.swift */ = {isa = PBXFileReference; lastKnownFileType = sourcecode.swift; path = RTIHeatmap.swift; sourceTree = "<group>"; };
/* End PBXFileReference section */

/* Begin PBXGroup section */
		4788FD180304BB5A1F2D9A84 /* Products */ = {
			isa = PBXGroup;
			children = (
				8CD42991E4D14A95B2A03439 /* TriNetMonitor.app */,
			);
			name = Products;
			sourceTree = "<group>";
		};
		F9A4133CDBCCE7D23B0428D1 = {
			isa = PBXGroup;
			children = (
				A55D68653305B39F6D4E6C1F /* RTIHeatmap.swift */,
				2A55AB3C5EF91C2E49F7A086 /* TriNetMonitor.swift */,
				432A15C47C534F56D40856CC /* VideoCallTab.swift */,
				4788FD180304BB5A1F2D9A84 /* Products */,
			);
			sourceTree = "<group>";
		};
/* End PBXGroup section */

/* Begin PBXNativeTarget section */
		808D73FEB74DB2C7204B4529 /* TriNetMonitor */ = {
			isa = PBXNativeTarget;
			buildConfigurationList = 5073D7A31C02AEB69107CB86 /* Build configuration list for PBXNativeTarget "TriNetMonitor" */;
			buildPhases = (
				9780E719EA994AF75C86C2F4 /* Sources */,
			);
			buildRules = (
			);
			dependencies = (
			);
			name = TriNetMonitor;
			packageProductDependencies = (
			);
			productName = TriNetMonitor;
			productReference = 8CD42991E4D14A95B2A03439 /* TriNetMonitor.app */;
			productType = "com.apple.product-type.application";
		};
/* End PBXNativeTarget section */

/* Begin PBXProject section */
		0D23629986D502FB3B8E6416 /* Project object */ = {
			isa = PBXProject;
			attributes = {
				BuildIndependentTargetsInParallel = YES;
				LastUpgradeCheck = 1430;
				TargetAttributes = {
				};
			};
			buildConfigurationList = 770B77F86927C96735FF1EEC /* Build configuration list for PBXProject "TriNetMonitor" */;
			developmentRegion = en;
			hasScannedForEncodings = 0;
			knownRegions = (
				Base,
				en,
			);
			mainGroup = F9A4133CDBCCE7D23B0428D1;
			minimizedProjectReferenceProxies = 1;
			preferredProjectObjectVersion = 77;
			productRefGroup = 4788FD180304BB5A1F2D9A84 /* Products */;
			projectDirPath = "";
			projectRoot = "";
			targets = (
				808D73FEB74DB2C7204B4529 /* TriNetMonitor */,
			);
		};
/* End PBXProject section */

/* Begin PBXSourcesBuildPhase section */
		9780E719EA994AF75C86C2F4 /* Sources */ = {
			isa = PBXSourcesBuildPhase;
			buildActionMask = 2147483647;
			files = (
				A4B51FD9AC3F6A939BFE6083 /* RTIHeatmap.swift in Sources */,
				16CC1C6D7EEBF2EE5C3F95A1 /* TriNetMonitor.swift in Sources */,
				E00EF2E2E4936A31DF3F1B15 /* VideoCallTab.swift in Sources */,
			);
			runOnlyForDeploymentPostprocessing = 0;
		};
/* End PBXSourcesBuildPhase section */

/* Begin XCBuildConfiguration section */
		0775212BFF26DD0BDB036AD2 /* Debug */ = {
			isa = XCBuildConfiguration;
			buildSettings = {
				ALWAYS_SEARCH_USER_PATHS = NO;
				CLANG_ANALYZER_NONNULL = YES;
				CLANG_ANALYZER_NUMBER_OBJECT_CONVERSION = YES_AGGRESSIVE;
				CLANG_CXX_LANGUAGE_STANDARD = "gnu++14";
				CLANG_CXX_LIBRARY = "libc++";
				CLANG_ENABLE_MODULES = YES;
				CLANG_ENABLE_OBJC_ARC = YES;
				CLANG_ENABLE_OBJC_WEAK = YES;
				CLANG_WARN_BLOCK_CAPTURE_AUTORELEASING = YES;
				CLANG_WARN_BOOL_CONVERSION = YES;
				CLANG_WARN_COMMA = YES;
				CLANG_WARN_CONSTANT_CONVERSION = YES;
				CLANG_WARN_DEPRECATED_OBJC_IMPLEMENTATIONS = YES;
				CLANG_WARN_DIRECT_OBJC_ISA_USAGE = YES_ERROR;
				CLANG_WARN_DOCUMENTATION_COMMENTS = YES;
				CLANG_WARN_EMPTY_BODY = YES;
				CLANG_WARN_ENUM_CONVERSION = YES;
				CLANG_WARN_INFINITE_RECURSION = YES;
				CLANG_WARN_INT_CONVERSION = YES;
				CLANG_WARN_NON_LITERAL_NULL_CONVERSION = YES;
				CLANG_WARN_OBJC_IMPLICIT_RETAIN_SELF = YES;
				CLANG_WARN_OBJC_LITERAL_CONVERSION = YES;
				CLANG_WARN_OBJC_ROOT_CLASS = YES_ERROR;
				CLANG_WARN_QUOTED_INCLUDE_IN_FRAMEWORK_HEADER = YES;
				CLANG_WARN_RANGE_LOOP_ANALYSIS = YES;
				CLANG_WARN_STRICT_PROTOTYPES = YES;
				CLANG_WARN_SUSPICIOUS_MOVE = YES;
				CLANG_WARN_UNGUARDED_AVAILABILITY = YES_AGGRESSIVE;
				CLANG_WARN_UNREACHABLE_CODE = YES;
				CLANG_WARN__DUPLICATE_METHOD_MATCH = YES;
				CODE_SIGNING_ALLOWED = YES;
				CODE_SIGNING_REQUIRED = NO;
				CODE_SIGN_IDENTITY = "-";
				COPY_PHASE_STRIP = NO;
				DEBUG_INFORMATION_FORMAT = dwarf;
				ENABLE_STRICT_OBJC_MSGSEND = YES;
				ENABLE_TESTABILITY = YES;
				GCC_C_LANGUAGE_STANDARD = gnu11;
				GCC_DYNAMIC_NO_PIC = NO;
				GCC_NO_COMMON_BLOCKS = YES;
				GCC_OPTIMIZATION_LEVEL = 0;
				GCC_PREPROCESSOR_DEFINITIONS = (
					"$(inherited)",
					"DEBUG=1",
				);
				GCC_WARN_64_TO_32_BIT_CONVERSION = YES;
				GCC_WARN_ABOUT_RETURN_TYPE = YES_ERROR;
				GCC_WARN_UNDECLARED_SELECTOR = YES;
				GCC_WARN_UNINITIALIZED_AUTOS = YES_AGGRESSIVE;
				GCC_WARN_UNUSED_FUNCTION = YES;
				GCC_WARN_UNUSED_VARIABLE = YES;
				MACOSX_DEPLOYMENT_TARGET = 14.0;
				MTL_ENABLE_DEBUG_INFO = INCLUDE_SOURCE;
				MTL_FAST_MATH = YES;
				ONLY_ACTIVE_ARCH = YES;
				PRODUCT_NAME = "$(TARGET_NAME)";
				SDKROOT = macosx;
				SWIFT_ACTIVE_COMPILATION_CONDITIONS = DEBUG;
				SWIFT_OPTIMIZATION_LEVEL = "-Onone";
				SWIFT_VERSION = 5.0;
			};
			name = Debug;
		};
		15E930AC7BBCED3318D9C3B1 /* Release */ = {
			isa = XCBuildConfiguration;
			buildSettings = {
				ALWAYS_SEARCH_USER_PATHS = NO;
				CLANG_ANALYZER_NONNULL = YES;
				CLANG_ANALYZER_NUMBER_OBJECT_CONVERSION = YES_AGGRESSIVE;
				CLANG_CXX_LANGUAGE_STANDARD = "gnu++14";
				CLANG_CXX_LIBRARY = "libc++";
				CLANG_ENABLE_MODULES = YES;
				CLANG_ENABLE_OBJC_ARC = YES;
				CLANG_ENABLE_OBJC_WEAK = YES;
				CLANG_WARN_BLOCK_CAPTURE_AUTORELEASING = YES;
				CLANG_WARN_BOOL_CONVERSION = YES;
				CLANG_WARN_COMMA = YES;
				CLANG_WARN_CONSTANT_CONVERSION = YES;
				CLANG_WARN_DEPRECATED_OBJC_IMPLEMENTATIONS = YES;
				CLANG_WARN_DIRECT_OBJC_ISA_USAGE = YES_ERROR;
				CLANG_WARN_DOCUMENTATION_COMMENTS = YES;
				CLANG_WARN_EMPTY_BODY = YES;
				CLANG_WARN_ENUM_CONVERSION = YES;
				CLANG_WARN_INFINITE_RECURSION = YES;
				CLANG_WARN_INT_CONVERSION = YES;
				CLANG_WARN_NON_LITERAL_NULL_CONVERSION = YES;
				CLANG_WARN_OBJC_IMPLICIT_RETAIN_SELF = YES;
				CLANG_WARN_OBJC_LITERAL_CONVERSION = YES;
				CLANG_WARN_OBJC_ROOT_CLASS = YES_ERROR;
				CLANG_WARN_QUOTED_INCLUDE_IN_FRAMEWORK_HEADER = YES;
				CLANG_WARN_RANGE_LOOP_ANALYSIS = YES;
				CLANG_WARN_STRICT_PROTOTYPES = YES;
				CLANG_WARN_SUSPICIOUS_MOVE = YES;
				CLANG_WARN_UNGUARDED_AVAILABILITY = YES_AGGRESSIVE;
				CLANG_WARN_UNREACHABLE_CODE = YES;
				CLANG_WARN__DUPLICATE_METHOD_MATCH = YES;
				CODE_SIGNING_ALLOWED = YES;
				CODE_SIGNING_REQUIRED = NO;
				CODE_SIGN_IDENTITY = "-";
				COPY_PHASE_STRIP = NO;
				DEBUG_INFORMATION_FORMAT = "dwarf-with-dsym";
				ENABLE_NS_ASSERTIONS = NO;
				ENABLE_STRICT_OBJC_MSGSEND = YES;
				GCC_C_LANGUAGE_STANDARD = gnu11;
				GCC_NO_COMMON_BLOCKS = YES;
				GCC_WARN_64_TO_32_BIT_CONVERSION = YES;
				GCC_WARN_ABOUT_RETURN_TYPE = YES_ERROR;
				GCC_WARN_UNDECLARED_SELECTOR = YES;
				GCC_WARN_UNINITIALIZED_AUTOS = YES_AGGRESSIVE;
				GCC_WARN_UNUSED_FUNCTION = YES;
				GCC_WARN_UNUSED_VARIABLE = YES;
				MACOSX_DEPLOYMENT_TARGET = 14.0;
				MTL_ENABLE_DEBUG_INFO = NO;
				MTL_FAST_MATH = YES;
				PRODUCT_NAME = "$(TARGET_NAME)";
				SDKROOT = macosx;
				SWIFT_COMPILATION_MODE = wholemodule;
				SWIFT_OPTIMIZATION_LEVEL = "-O";
				SWIFT_VERSION = 5.0;
			};
			name = Release;
		};
		228574FE2F79D904A9E1EADE /* Release */ = {
			isa = XCBuildConfiguration;
			buildSettings = {
				ASSETCATALOG_COMPILER_APPICON_NAME = AppIcon;
				CODE_SIGNING_ALLOWED = YES;
				CODE_SIGNING_REQUIRED = NO;
				CODE_SIGN_IDENTITY = "-";
				COMBINE_HIDPI_IMAGES = YES;
				GENERATE_INFOPLIST_FILE = YES;
				INFOPLIST_KEY_CFBundleDisplayName = "TRI-NET Monitor";
				INFOPLIST_KEY_NSCameraUsageDescription = "Mesh monitor";
				INFOPLIST_KEY_NSLocalNetworkUsageDescription = "Monitor mesh network devices";
				LD_RUNPATH_SEARCH_PATHS = (
					"$(inherited)",
					"@executable_path/../Frameworks",
				);
				PRODUCT_BUNDLE_IDENTIFIER = com.trinet.monitor;
				PRODUCT_NAME = TriNetMonitor;
				SDKROOT = macosx;
			};
			name = Release;
		};
		AAC8FD220922498468F4A8BF /* Debug */ = {
			isa = XCBuildConfiguration;
			buildSettings = {
				ASSETCATALOG_COMPILER_APPICON_NAME = AppIcon;
				CODE_SIGNING_ALLOWED = YES;
				CODE_SIGNING_REQUIRED = NO;
				CODE_SIGN_IDENTITY = "-";
				COMBINE_HIDPI_IMAGES = YES;
				GENERATE_INFOPLIST_FILE = YES;
				INFOPLIST_KEY_CFBundleDisplayName = "TRI-NET Monitor";
				INFOPLIST_KEY_NSCameraUsageDescription = "Mesh monitor";
				INFOPLIST_KEY_NSLocalNetworkUsageDescription = "Monitor mesh network devices";
				LD_RUNPATH_SEARCH_PATHS = (
					"$(inherited)",
					"@executable_path/../Frameworks",
				);
				PRODUCT_BUNDLE_IDENTIFIER = com.trinet.monitor;
				PRODUCT_NAME = TriNetMonitor;
				SDKROOT = macosx;
			};
			name = Debug;
		};
/* End XCBuildConfiguration section */

/* Begin XCConfigurationList section */
		5073D7A31C02AEB69107CB86 /* Build configuration list for PBXNativeTarget "TriNetMonitor" */ = {
			isa = XCConfigurationList;
			buildConfigurations = (
				AAC8FD220922498468F4A8BF /* Debug */,
				228574FE2F79D904A9E1EADE /* Release */,
			);
			defaultConfigurationIsVisible = 0;
			defaultConfigurationName = Debug;
		};
		770B77F86927C96735FF1EEC /* Build configuration list for PBXProject "TriNetMonitor" */ = {
			isa = XCConfigurationList;
			buildConfigurations = (
				0775212BFF26DD0BDB036AD2 /* Debug */,
				15E930AC7BBCED3318D9C3B1 /* Release */,
			);
			defaultConfigurationIsVisible = 0;
			defaultConfigurationName = Debug;
		};
/* End XCConfigurationList section */
	};
	rootObject = 0D23629986D502FB3B8E6416 /* Project object */;
}
