// !$*UTF8*$!
{
	archiveVersion = 1;
	classes = {
	};
	objectVersion = 77;
	objects = {

/* Begin PBXBuildFile section */
		32F9E38E7DAE216C3F1451B4 /* MeshMapView.swift in Sources */ = {isa = PBXBuildFile; fileRef = A440834DBBB15D89B628F943 /* MeshMapView.swift */; };
		46733E13DB201753378F9262 /* Assets.xcassets in Resources */ = {isa = PBXBuildFile; fileRef = 30BC89191B19A3BEEC4154B1 /* Assets.xcassets */; };
		93828957945393D93D1AE545 /* App.swift in Sources */ = {isa = PBXBuildFile; fileRef = 919A6C8C4AE3FF1BEBC24E2D /* App.swift */; };
		9E0CD413BCD9A696DA51DC24 /* VideoPipeline.swift in Sources */ = {isa = PBXBuildFile; fileRef = C3ED271D273E3217E7CC3EE2 /* VideoPipeline.swift */; };
		C42AEF335F11DD33CC802C77 /* Views.swift in Sources */ = {isa = PBXBuildFile; fileRef = C3E1BEB0E6D36884DC34BAF1 /* Views.swift */; };
		E5F2C842E940E04413D23C77 /* ViewModel.swift in Sources */ = {isa = PBXBuildFile; fileRef = 67409F0DFE04304A7A386F76 /* ViewModel.swift */; };
/* End PBXBuildFile section */

/* Begin PBXFileReference section */
		30BC89191B19A3BEEC4154B1 /* Assets.xcassets */ = {isa = PBXFileReference; lastKnownFileType = folder.assetcatalog; path = Assets.xcassets; sourceTree = "<group>"; };
		5235533C9F22E43B48C7BE18 /* TriNetVideo.app */ = {isa = PBXFileReference; explicitFileType = wrapper.application; includeInIndex = 0; path = TriNetVideo.app; sourceTree = BUILT_PRODUCTS_DIR; };
		67409F0DFE04304A7A386F76 /* ViewModel.swift */ = {isa = PBXFileReference; lastKnownFileType = sourcecode.swift; path = ViewModel.swift; sourceTree = "<group>"; };
		919A6C8C4AE3FF1BEBC24E2D /* App.swift */ = {isa = PBXFileReference; lastKnownFileType = sourcecode.swift; path = App.swift; sourceTree = "<group>"; };
		A440834DBBB15D89B628F943 /* MeshMapView.swift */ = {isa = PBXFileReference; lastKnownFileType = sourcecode.swift; path = MeshMapView.swift; sourceTree = "<group>"; };
		B531BE39B4623AAA1D6E3823 /* Info.plist */ = {isa = PBXFileReference; lastKnownFileType = text.plist; path = Info.plist; sourceTree = "<group>"; };
		C3E1BEB0E6D36884DC34BAF1 /* Views.swift */ = {isa = PBXFileReference; lastKnownFileType = sourcecode.swift; path = Views.swift; sourceTree = "<group>"; };
		C3ED271D273E3217E7CC3EE2 /* VideoPipeline.swift */ = {isa = PBXFileReference; lastKnownFileType = sourcecode.swift; path = VideoPipeline.swift; sourceTree = "<group>"; };
/* End PBXFileReference section */

/* Begin PBXGroup section */
		A6C8AF585BF4DA374BF1E301 = {
			isa = PBXGroup;
			children = (
				AB31945200E8755D13A21492 /* TriNetVideo */,
				BDEBCA25FD616B1244269FB0 /* Products */,
			);
			sourceTree = "<group>";
		};
		AB31945200E8755D13A21492 /* TriNetVideo */ = {
			isa = PBXGroup;
			children = (
				919A6C8C4AE3FF1BEBC24E2D /* App.swift */,
				30BC89191B19A3BEEC4154B1 /* Assets.xcassets */,
				B531BE39B4623AAA1D6E3823 /* Info.plist */,
				A440834DBBB15D89B628F943 /* MeshMapView.swift */,
				C3ED271D273E3217E7CC3EE2 /* VideoPipeline.swift */,
				67409F0DFE04304A7A386F76 /* ViewModel.swift */,
				C3E1BEB0E6D36884DC34BAF1 /* Views.swift */,
			);
			path = TriNetVideo;
			sourceTree = "<group>";
		};
		BDEBCA25FD616B1244269FB0 /* Products */ = {
			isa = PBXGroup;
			children = (
				5235533C9F22E43B48C7BE18 /* TriNetVideo.app */,
			);
			name = Products;
			sourceTree = "<group>";
		};
/* End PBXGroup section */

/* Begin PBXNativeTarget section */
		940A8758E3352D4C38C9BBA8 /* TriNetVideo */ = {
			isa = PBXNativeTarget;
			buildConfigurationList = 8BF7BEC5E62F701272704476 /* Build configuration list for PBXNativeTarget "TriNetVideo" */;
			buildPhases = (
				6D90D1F1C47C345671E3F8F9 /* Sources */,
				D2357CD5F9537B8A21AA2A90 /* Resources */,
			);
			buildRules = (
			);
			dependencies = (
			);
			name = TriNetVideo;
			packageProductDependencies = (
			);
			productName = TriNetVideo;
			productReference = 5235533C9F22E43B48C7BE18 /* TriNetVideo.app */;
			productType = "com.apple.product-type.application";
		};
/* End PBXNativeTarget section */

/* Begin PBXProject section */
		46F6CE57375BBA9D8E897E3E /* Project object */ = {
			isa = PBXProject;
			attributes = {
				BuildIndependentTargetsInParallel = YES;
				LastUpgradeCheck = 1430;
				TargetAttributes = {
					940A8758E3352D4C38C9BBA8 = {
						ProvisioningStyle = Automatic;
					};
				};
			};
			buildConfigurationList = 07981B78B5E85DEEF70866B1 /* Build configuration list for PBXProject "TriNetVideo" */;
			developmentRegion = en;
			hasScannedForEncodings = 0;
			knownRegions = (
				Base,
				en,
			);
			mainGroup = A6C8AF585BF4DA374BF1E301;
			minimizedProjectReferenceProxies = 1;
			preferredProjectObjectVersion = 77;
			productRefGroup = BDEBCA25FD616B1244269FB0 /* Products */;
			projectDirPath = "";
			projectRoot = "";
			targets = (
				940A8758E3352D4C38C9BBA8 /* TriNetVideo */,
			);
		};
/* End PBXProject section */

/* Begin PBXResourcesBuildPhase section */
		D2357CD5F9537B8A21AA2A90 /* Resources */ = {
			isa = PBXResourcesBuildPhase;
			buildActionMask = 2147483647;
			files = (
				46733E13DB201753378F9262 /* Assets.xcassets in Resources */,
			);
			runOnlyForDeploymentPostprocessing = 0;
		};
/* End PBXResourcesBuildPhase section */

/* Begin PBXSourcesBuildPhase section */
		6D90D1F1C47C345671E3F8F9 /* Sources */ = {
			isa = PBXSourcesBuildPhase;
			buildActionMask = 2147483647;
			files = (
				93828957945393D93D1AE545 /* App.swift in Sources */,
				32F9E38E7DAE216C3F1451B4 /* MeshMapView.swift in Sources */,
				9E0CD413BCD9A696DA51DC24 /* VideoPipeline.swift in Sources */,
				E5F2C842E940E04413D23C77 /* ViewModel.swift in Sources */,
				C42AEF335F11DD33CC802C77 /* Views.swift in Sources */,
			);
			runOnlyForDeploymentPostprocessing = 0;
		};
/* End PBXSourcesBuildPhase section */

/* Begin XCBuildConfiguration section */
		54A8B7DCB5C67571724CBC14 /* Debug */ = {
			isa = XCBuildConfiguration;
			buildSettings = {
				ALWAYS_SEARCH_USER_PATHS = NO;
				CLANG_ANALYZER_NONNULL = YES;
				CLANG_ANALYZER_NUMBER_OBJECT_CONVERSION = YES_AGGRESSIVE;
				CLANG_CXX_LANGUAGE_STANDARD = "gnu++14";
				CLANG_CXX_LIBRARY = "libc++";
				CLANG_ENABLE_MODULES = YES;
				CLANG_ENABLE_OBJC_ARC = YES;
				CLANG_ENABLE_OBJC_WEAK = YES;
				CLANG_WARN_BLOCK_CAPTURE_AUTORELEASING = YES;
				CLANG_WARN_BOOL_CONVERSION = YES;
				CLANG_WARN_COMMA = YES;
				CLANG_WARN_CONSTANT_CONVERSION = YES;
				CLANG_WARN_DEPRECATED_OBJC_IMPLEMENTATIONS = YES;
				CLANG_WARN_DIRECT_OBJC_ISA_USAGE = YES_ERROR;
				CLANG_WARN_DOCUMENTATION_COMMENTS = YES;
				CLANG_WARN_EMPTY_BODY = YES;
				CLANG_WARN_ENUM_CONVERSION = YES;
				CLANG_WARN_INFINITE_RECURSION = YES;
				CLANG_WARN_INT_CONVERSION = YES;
				CLANG_WARN_NON_LITERAL_NULL_CONVERSION = YES;
				CLANG_WARN_OBJC_IMPLICIT_RETAIN_SELF = YES;
				CLANG_WARN_OBJC_LITERAL_CONVERSION = YES;
				CLANG_WARN_OBJC_ROOT_CLASS = YES_ERROR;
				CLANG_WARN_QUOTED_INCLUDE_IN_FRAMEWORK_HEADER = YES;
				CLANG_WARN_RANGE_LOOP_ANALYSIS = YES;
				CLANG_WARN_STRICT_PROTOTYPES = YES;
				CLANG_WARN_SUSPICIOUS_MOVE = YES;
				CLANG_WARN_UNGUARDED_AVAILABILITY = YES_AGGRESSIVE;
				CLANG_WARN_UNREACHABLE_CODE = YES;
				CLANG_WARN__DUPLICATE_METHOD_MATCH = YES;
				CODE_SIGN_STYLE = Automatic;
				COPY_PHASE_STRIP = NO;
				DEBUG_INFORMATION_FORMAT = dwarf;
				ENABLE_STRICT_OBJC_MSGSEND = YES;
				ENABLE_TESTABILITY = YES;
				GCC_C_LANGUAGE_STANDARD = gnu11;
				GCC_DYNAMIC_NO_PIC = NO;
				GCC_NO_COMMON_BLOCKS = YES;
				GCC_OPTIMIZATION_LEVEL = 0;
				GCC_PREPROCESSOR_DEFINITIONS = (
					"$(inherited)",
					"DEBUG=1",
				);
				GCC_WARN_64_TO_32_BIT_CONVERSION = YES;
				GCC_WARN_ABOUT_RETURN_TYPE = YES_ERROR;
				GCC_WARN_UNDECLARED_SELECTOR = YES;
				GCC_WARN_UNINITIALIZED_AUTOS = YES_AGGRESSIVE;
				GCC_WARN_UNUSED_FUNCTION = YES;
				GCC_WARN_UNUSED_VARIABLE = YES;
				IPHONEOS_DEPLOYMENT_TARGET = 15.0;
				MTL_ENABLE_DEBUG_INFO = INCLUDE_SOURCE;
				MTL_FAST_MATH = YES;
				ONLY_ACTIVE_ARCH = YES;
				PRODUCT_NAME = "$(TARGET_NAME)";
				SDKROOT = iphoneos;
				SWIFT_ACTIVE_COMPILATION_CONDITIONS = DEBUG;
				SWIFT_OPTIMIZATION_LEVEL = "-Onone";
				SWIFT_VERSION = 5.0;
			};
			name = Debug;
		};
		7637B917EB9067505F877442 /* Debug */ = {
			isa = XCBuildConfiguration;
			buildSettings = {
				ASSETCATALOG_COMPILER_APPICON_NAME = AppIcon;
				CODE_SIGNING_ALLOWED = YES;
				CODE_SIGNING_REQUIRED = YES;
				CODE_SIGN_IDENTITY = "Apple Development";
				CODE_SIGN_STYLE = Automatic;
				DEVELOPMENT_TEAM = 5EM4M85VSQ;
				GENERATE_INFOPLIST_FILE = NO;
				INFOPLIST_FILE = TriNetVideo/Info.plist;
				LD_RUNPATH_SEARCH_PATHS = (
					"$(inherited)",
					"@executable_path/Frameworks",
				);
				PRODUCT_BUNDLE_IDENTIFIER = com.trinet.video;
				PRODUCT_NAME = TriNetVideo;
				SDKROOT = iphoneos;
				TARGETED_DEVICE_FAMILY = "1,2";
			};
			name = Debug;
		};
		898E4F633D0B2254E3456141 /* Release */ = {
			isa = XCBuildConfiguration;
			buildSettings = {
				ALWAYS_SEARCH_USER_PATHS = NO;
				CLANG_ANALYZER_NONNULL = YES;
				CLANG_ANALYZER_NUMBER_OBJECT_CONVERSION = YES_AGGRESSIVE;
				CLANG_CXX_LANGUAGE_STANDARD = "gnu++14";
				CLANG_CXX_LIBRARY = "libc++";
				CLANG_ENABLE_MODULES = YES;
				CLANG_ENABLE_OBJC_ARC = YES;
				CLANG_ENABLE_OBJC_WEAK = YES;
				CLANG_WARN_BLOCK_CAPTURE_AUTORELEASING = YES;
				CLANG_WARN_BOOL_CONVERSION = YES;
				CLANG_WARN_COMMA = YES;
				CLANG_WARN_CONSTANT_CONVERSION = YES;
				CLANG_WARN_DEPRECATED_OBJC_IMPLEMENTATIONS = YES;
				CLANG_WARN_DIRECT_OBJC_ISA_USAGE = YES_ERROR;
				CLANG_WARN_DOCUMENTATION_COMMENTS = YES;
				CLANG_WARN_EMPTY_BODY = YES;
				CLANG_WARN_ENUM_CONVERSION = YES;
				CLANG_WARN_INFINITE_RECURSION = YES;
				CLANG_WARN_INT_CONVERSION = YES;
				CLANG_WARN_NON_LITERAL_NULL_CONVERSION = YES;
				CLANG_WARN_OBJC_IMPLICIT_RETAIN_SELF = YES;
				CLANG_WARN_OBJC_LITERAL_CONVERSION = YES;
				CLANG_WARN_OBJC_ROOT_CLASS = YES_ERROR;
				CLANG_WARN_QUOTED_INCLUDE_IN_FRAMEWORK_HEADER = YES;
				CLANG_WARN_RANGE_LOOP_ANALYSIS = YES;
				CLANG_WARN_STRICT_PROTOTYPES = YES;
				CLANG_WARN_SUSPICIOUS_MOVE = YES;
				CLANG_WARN_UNGUARDED_AVAILABILITY = YES_AGGRESSIVE;
				CLANG_WARN_UNREACHABLE_CODE = YES;
				CLANG_WARN__DUPLICATE_METHOD_MATCH = YES;
				CODE_SIGN_STYLE = Automatic;
				COPY_PHASE_STRIP = NO;
				DEBUG_INFORMATION_FORMAT = "dwarf-with-dsym";
				ENABLE_NS_ASSERTIONS = NO;
				ENABLE_STRICT_OBJC_MSGSEND = YES;
				GCC_C_LANGUAGE_STANDARD = gnu11;
				GCC_NO_COMMON_BLOCKS = YES;
				GCC_WARN_64_TO_32_BIT_CONVERSION = YES;
				GCC_WARN_ABOUT_RETURN_TYPE = YES_ERROR;
				GCC_WARN_UNDECLARED_SELECTOR = YES;
				GCC_WARN_UNINITIALIZED_AUTOS = YES_AGGRESSIVE;
				GCC_WARN_UNUSED_FUNCTION = YES;
				GCC_WARN_UNUSED_VARIABLE = YES;
				IPHONEOS_DEPLOYMENT_TARGET = 15.0;
				MTL_ENABLE_DEBUG_INFO = NO;
				MTL_FAST_MATH = YES;
				PRODUCT_NAME = "$(TARGET_NAME)";
				SDKROOT = iphoneos;
				SWIFT_COMPILATION_MODE = wholemodule;
				SWIFT_OPTIMIZATION_LEVEL = "-O";
				SWIFT_VERSION = 5.0;
			};
			name = Release;
		};
		AB84550D6300EE1E63B5D5F5 /* Release */ = {
			isa = XCBuildConfiguration;
			buildSettings = {
				ASSETCATALOG_COMPILER_APPICON_NAME = AppIcon;
				CODE_SIGNING_ALLOWED = YES;
				CODE_SIGNING_REQUIRED = YES;
				CODE_SIGN_IDENTITY = "Apple Development";
				CODE_SIGN_STYLE = Automatic;
				DEVELOPMENT_TEAM = 5EM4M85VSQ;
				GENERATE_INFOPLIST_FILE = NO;
				INFOPLIST_FILE = TriNetVideo/Info.plist;
				LD_RUNPATH_SEARCH_PATHS = (
					"$(inherited)",
					"@executable_path/Frameworks",
				);
				PRODUCT_BUNDLE_IDENTIFIER = com.trinet.video;
				PRODUCT_NAME = TriNetVideo;
				SDKROOT = iphoneos;
				TARGETED_DEVICE_FAMILY = "1,2";
			};
			name = Release;
		};
/* End XCBuildConfiguration section */

/* Begin XCConfigurationList section */
		07981B78B5E85DEEF70866B1 /* Build configuration list for PBXProject "TriNetVideo" */ = {
			isa = XCConfigurationList;
			buildConfigurations = (
				54A8B7DCB5C67571724CBC14 /* Debug */,
				898E4F633D0B2254E3456141 /* Release */,
			);
			defaultConfigurationIsVisible = 0;
			defaultConfigurationName = Debug;
		};
		8BF7BEC5E62F701272704476 /* Build configuration list for PBXNativeTarget "TriNetVideo" */ = {
			isa = XCConfigurationList;
			buildConfigurations = (
				7637B917EB9067505F877442 /* Debug */,
				AB84550D6300EE1E63B5D5F5 /* Release */,
			);
			defaultConfigurationIsVisible = 0;
			defaultConfigurationName = Debug;
		};
/* End XCConfigurationList section */
	};
	rootObject = 46F6CE57375BBA9D8E897E3E /* Project object */;
}
